dependencies:
- name: jupyterhub
  repository: https://jupyterhub.github.io/helm-chart/
  version: 2.0.0
- name: fusex
  repository: https://registry.cern.ch/chartrepo/eos
  version: 0.1.3
- name: eosxd
  repository: http://registry.cern.ch/chartrepo/cern
  version: 5.1.5-2
- name: cvmfs
  repository: oci://registry.cern.ch/sciencebox/charts
  version: 0.0.5
- name: cvmfs-csi
  repository: http://registry.cern.ch/chartrepo/cern
  version: 0.1.0
digest: sha256:022ab17359ad1541eb49f9bc165655740a39484f4263e2d0fc0b522df97b99f2
generated: "2023-07-31T12:27:42.771983641+02:00"
